
Microsoft Visual Studio Solution File, Format Version 12.00
# Visual Studio Version 16
VisualStudioVersion = 16.0.31613.86
MinimumVisualStudioVersion = 10.0.40219.1
Project("{FAE04EC0-301F-11D3-BF4B-00C04F79EFBC}") = "ConsoleApp1", "ConsoleApp1\ConsoleApp1.csproj", "{7BA3D8E2-65AE-460C-9469-36C4F4B68A6D}"
EndProject
Global
	GlobalSection(SolutionConfigurationPlatforms) = preSolution
		Debug|Any CPU = Debug|Any CPU
		Release|Any CPU = Release|Any CPU
	EndGlobalSection
	GlobalSection(ProjectConfigurationPlatforms) = postSolution
		{7BA3D8E2-65AE-460C-9469-36C4F4B68A6D}.Debug|Any CPU.ActiveCfg = Debug|Any CPU
		{7BA3D8E2-65AE-460C-9469-36C4F4B68A6D}.Debug|Any CPU.Build.0 = Debug|Any CPU
		{7BA3D8E2-65AE-460C-9469-36C4F4B68A6D}.Release|Any CPU.ActiveCfg = Release|Any CPU
		{7BA3D8E2-65AE-460C-9469-36C4F4B68A6D}.Release|Any CPU.Build.0 = Release|Any CPU
	EndGlobalSection
	GlobalSection(SolutionProperties) = preSolution
		HideSolutionNode = FALSE
	EndGlobalSection
	GlobalSection(ExtensibilityGlobals) = postSolution
		SolutionGuid = {D0BC03FF-4FED-4DD0-825B-A7669D96DD24}
	EndGlobalSection
EndGlobal
